// !$*UTF8*$!
{
	archiveVersion = 1;
	classes = {
	};
	objectVersion = 46;
	objects = {

/* Begin PBXBuildFile section */
		540A5EA81D1E927F0042E553 /* CoreData.framework in Frameworks */ = {isa = PBXBuildFile; fileRef = 540A5EA71D1E927F0042E553 /* CoreData.framework */; };
		540A5EAB1D1E93240042E553 /* TweetCache.xcdatamodeld in Sources */ = {isa = PBXBuildFile; fileRef = 540A5EA91D1E93240042E553 /* TweetCache.xcdatamodeld */; };
		541F6D731D1706BB00740086 /* main.m in Sources */ = {isa = PBXBuildFile; fileRef = 541F6D721D1706BB00740086 /* main.m */; };
		541F6D761D1706BB00740086 /* AppDelegate.m in Sources */ = {isa = PBXBuildFile; fileRef = 541F6D751D1706BB00740086 /* AppDelegate.m */; };
		541F6D811D1706BB00740086 /* Assets.xcassets in Resources */ = {isa = PBXBuildFile; fileRef = 541F6D801D1706BB00740086 /* Assets.xcassets */; };
		541F6D841D1706BB00740086 /* LaunchScreen.storyboard in Resources */ = {isa = PBXBuildFile; fileRef = 541F6D821D1706BB00740086 /* LaunchScreen.storyboard */; };
		541F6D8F1D1706BB00740086 /* TwiddleTests.m in Sources */ = {isa = PBXBuildFile; fileRef = 541F6D8E1D1706BB00740086 /* TwiddleTests.m */; };
		541F6D9D1D1708D500740086 /* TimelineTableViewController.m in Sources */ = {isa = PBXBuildFile; fileRef = 541F6D9C1D1708D500740086 /* TimelineTableViewController.m */; };
		54340F8C1D267A4100BBCE3F /* ProfileTableViewController.m in Sources */ = {isa = PBXBuildFile; fileRef = 54340F8B1D267A4100BBCE3F /* ProfileTableViewController.m */; };
		54340F8F1D267E5200BBCE3F /* ProfileHeaderTableViewCell.m in Sources */ = {isa = PBXBuildFile; fileRef = 54340F8E1D267E5200BBCE3F /* ProfileHeaderTableViewCell.m */; };
		54340F921D267E6900BBCE3F /* ProfileInfoTableViewCell.m in Sources */ = {isa = PBXBuildFile; fileRef = 54340F911D267E6900BBCE3F /* ProfileInfoTableViewCell.m */; };
		545BC7FA1D21425A00950572 /* TweetImageTableViewCell.m in Sources */ = {isa = PBXBuildFile; fileRef = 545BC7F91D21425A00950572 /* TweetImageTableViewCell.m */; };
		549B0D491D27031100F0C9A1 /* TweetTextTableViewCell.xib in Resources */ = {isa = PBXBuildFile; fileRef = 549B0D481D27031100F0C9A1 /* TweetTextTableViewCell.xib */; };
		549B0D4C1D2703E700F0C9A1 /* TweetImageTableViewCell.xib in Resources */ = {isa = PBXBuildFile; fileRef = 549B0D4B1D2703E700F0C9A1 /* TweetImageTableViewCell.xib */; };
		549D875C1D17EED40068DD85 /* Fabric.framework in Frameworks */ = {isa = PBXBuildFile; fileRef = 549D875A1D17EED40068DD85 /* Fabric.framework */; };
		549D875D1D17EED40068DD85 /* Crashlytics.framework in Frameworks */ = {isa = PBXBuildFile; fileRef = 549D875B1D17EED40068DD85 /* Crashlytics.framework */; };
		549D87611D17EF420068DD85 /* TwitterKit.framework in Frameworks */ = {isa = PBXBuildFile; fileRef = 549D875E1D17EF420068DD85 /* TwitterKit.framework */; };
		549D87621D17EF420068DD85 /* TwitterKitResources.bundle in Resources */ = {isa = PBXBuildFile; fileRef = 549D875F1D17EF420068DD85 /* TwitterKitResources.bundle */; };
		549D87631D17EF420068DD85 /* TwitterCore.framework in Frameworks */ = {isa = PBXBuildFile; fileRef = 549D87601D17EF420068DD85 /* TwitterCore.framework */; };
		549D87661D17EFA50068DD85 /* MoPub.framework in Frameworks */ = {isa = PBXBuildFile; fileRef = 549D87641D17EFA50068DD85 /* MoPub.framework */; };
		549D87671D17EFA50068DD85 /* MoPub.bundle in Resources */ = {isa = PBXBuildFile; fileRef = 549D87651D17EFA50068DD85 /* MoPub.bundle */; };
		54AE63661EDFB9DF00E2E484 /* ProfileHeaderTableViewCell.xib in Resources */ = {isa = PBXBuildFile; fileRef = 54AE63651EDFB9DF00E2E484 /* ProfileHeaderTableViewCell.xib */; };
		54AE63681EDFBA1900E2E484 /* ProfileInfoTableViewCell.xib in Resources */ = {isa = PBXBuildFile; fileRef = 54AE63671EDFBA1900E2E484 /* ProfileInfoTableViewCell.xib */; };
		54D585721D187757008564F1 /* UserTimeline.m in Sources */ = {isa = PBXBuildFile; fileRef = 54D585711D187757008564F1 /* UserTimeline.m */; };
		54D585781D187DB1008564F1 /* TweetTextTableViewCell.m in Sources */ = {isa = PBXBuildFile; fileRef = 54D585771D187DB1008564F1 /* TweetTextTableViewCell.m */; };
/* End PBXBuildFile section */

/* Begin PBXContainerItemProxy section */
		541F6D8B1D1706BB00740086 /* PBXContainerItemProxy */ = {
			isa = PBXContainerItemProxy;
			containerPortal = 541F6D661D1706BB00740086 /* Project object */;
			proxyType = 1;
			remoteGlobalIDString = 541F6D6D1D1706BB00740086;
			remoteInfo = Twiddle;
		};
/* End PBXContainerItemProxy section */

/* Begin PBXFileReference section */
		540A5EA71D1E927F0042E553 /* CoreData.framework */ = {isa = PBXFileReference; lastKnownFileType = wrapper.framework; name = CoreData.framework; path = System/Library/Frameworks/CoreData.framework; sourceTree = SDKROOT; };
		540A5EAA1D1E93240042E553 /* TweetCache.xcdatamodel */ = {isa = PBXFileReference; lastKnownFileType = wrapper.xcdatamodel; path = TweetCache.xcdatamodel; sourceTree = "<group>"; };
		541F6D6E1D1706BB00740086 /* Twiddle.app */ = {isa = PBXFileReference; explicitFileType = wrapper.application; includeInIndex = 0; path = Twiddle.app; sourceTree = BUILT_PRODUCTS_DIR; };
		541F6D721D1706BB00740086 /* main.m */ = {isa = PBXFileReference; lastKnownFileType = sourcecode.c.objc; path = main.m; sourceTree = "<group>"; };
		541F6D741D1706BB00740086 /* AppDelegate.h */ = {isa = PBXFileReference; lastKnownFileType = sourcecode.c.h; path = AppDelegate.h; sourceTree = "<group>"; };
		541F6D751D1706BB00740086 /* AppDelegate.m */ = {isa = PBXFileReference; lastKnownFileType = sourcecode.c.objc; path = AppDelegate.m; sourceTree = "<group>"; };
		541F6D801D1706BB00740086 /* Assets.xcassets */ = {isa = PBXFileReference; lastKnownFileType = folder.assetcatalog; path = Assets.xcassets; sourceTree = "<group>"; };
		541F6D831D1706BB00740086 /* Base */ = {isa = PBXFileReference; lastKnownFileType = file.storyboard; name = Base; path = Base.lproj/LaunchScreen.storyboard; sourceTree = "<group>"; };
		541F6D851D1706BB00740086 /* Info.plist */ = {isa = PBXFileReference; lastKnownFileType = text.plist.xml; path = Info.plist; sourceTree = "<group>"; };
		541F6D8A1D1706BB00740086 /* TwiddleTests.xctest */ = {isa = PBXFileReference; explicitFileType = wrapper.cfbundle; includeInIndex = 0; path = TwiddleTests.xctest; sourceTree = BUILT_PRODUCTS_DIR; };
		541F6D8E1D1706BB00740086 /* TwiddleTests.m */ = {isa = PBXFileReference; lastKnownFileType = sourcecode.c.objc; path = TwiddleTests.m; sourceTree = "<group>"; };
		541F6D901D1706BB00740086 /* Info.plist */ = {isa = PBXFileReference; lastKnownFileType = text.plist.xml; path = Info.plist; sourceTree = "<group>"; };
		541F6D9B1D1708D500740086 /* TimelineTableViewController.h */ = {isa = PBXFileReference; fileEncoding = 4; lastKnownFileType = sourcecode.c.h; path = TimelineTableViewController.h; sourceTree = "<group>"; };
		541F6D9C1D1708D500740086 /* TimelineTableViewController.m */ = {isa = PBXFileReference; fileEncoding = 4; lastKnownFileType = sourcecode.c.objc; path = TimelineTableViewController.m; sourceTree = "<group>"; };
		54340F8A1D267A4100BBCE3F /* ProfileTableViewController.h */ = {isa = PBXFileReference; fileEncoding = 4; lastKnownFileType = sourcecode.c.h; path = ProfileTableViewController.h; sourceTree = "<group>"; };
		54340F8B1D267A4100BBCE3F /* ProfileTableViewController.m */ = {isa = PBXFileReference; fileEncoding = 4; lastKnownFileType = sourcecode.c.objc; path = ProfileTableViewController.m; sourceTree = "<group>"; };
		54340F8D1D267E5200BBCE3F /* ProfileHeaderTableViewCell.h */ = {isa = PBXFileReference; fileEncoding = 4; lastKnownFileType = sourcecode.c.h; path = ProfileHeaderTableViewCell.h; sourceTree = "<group>"; };
		54340F8E1D267E5200BBCE3F /* ProfileHeaderTableViewCell.m */ = {isa = PBXFileReference; fileEncoding = 4; lastKnownFileType = sourcecode.c.objc; path = ProfileHeaderTableViewCell.m; sourceTree = "<group>"; };
		54340F901D267E6900BBCE3F /* ProfileInfoTableViewCell.h */ = {isa = PBXFileReference; fileEncoding = 4; lastKnownFileType = sourcecode.c.h; path = ProfileInfoTableViewCell.h; sourceTree = "<group>"; };
		54340F911D267E6900BBCE3F /* ProfileInfoTableViewCell.m */ = {isa = PBXFileReference; fileEncoding = 4; lastKnownFileType = sourcecode.c.objc; path = ProfileInfoTableViewCell.m; sourceTree = "<group>"; };
		545BC7F81D21425A00950572 /* TweetImageTableViewCell.h */ = {isa = PBXFileReference; fileEncoding = 4; lastKnownFileType = sourcecode.c.h; path = TweetImageTableViewCell.h; sourceTree = "<group>"; };
		545BC7F91D21425A00950572 /* TweetImageTableViewCell.m */ = {isa = PBXFileReference; fileEncoding = 4; lastKnownFileType = sourcecode.c.objc; path = TweetImageTableViewCell.m; sourceTree = "<group>"; };
		549B0D481D27031100F0C9A1 /* TweetTextTableViewCell.xib */ = {isa = PBXFileReference; fileEncoding = 4; lastKnownFileType = file.xib; path = TweetTextTableViewCell.xib; sourceTree = "<group>"; };
		549B0D4B1D2703E700F0C9A1 /* TweetImageTableViewCell.xib */ = {isa = PBXFileReference; fileEncoding = 4; lastKnownFileType = file.xib; path = TweetImageTableViewCell.xib; sourceTree = "<group>"; };
		549D875A1D17EED40068DD85 /* Fabric.framework */ = {isa = PBXFileReference; lastKnownFileType = wrapper.framework; path = Fabric.framework; sourceTree = "<group>"; };
		549D875B1D17EED40068DD85 /* Crashlytics.framework */ = {isa = PBXFileReference; lastKnownFileType = wrapper.framework; path = Crashlytics.framework; sourceTree = "<group>"; };
		549D875E1D17EF420068DD85 /* TwitterKit.framework */ = {isa = PBXFileReference; lastKnownFileType = wrapper.framework; path = TwitterKit.framework; sourceTree = "<group>"; };
		549D875F1D17EF420068DD85 /* TwitterKitResources.bundle */ = {isa = PBXFileReference; lastKnownFileType = "wrapper.plug-in"; name = TwitterKitResources.bundle; path = TwitterKit.framework/Versions/A/Resources/TwitterKitResources.bundle; sourceTree = "<group>"; };
		549D87601D17EF420068DD85 /* TwitterCore.framework */ = {isa = PBXFileReference; lastKnownFileType = wrapper.framework; path = TwitterCore.framework; sourceTree = "<group>"; };
		549D87641D17EFA50068DD85 /* MoPub.framework */ = {isa = PBXFileReference; lastKnownFileType = wrapper.framework; path = MoPub.framework; sourceTree = "<group>"; };
		549D87651D17EFA50068DD85 /* MoPub.bundle */ = {isa = PBXFileReference; lastKnownFileType = "wrapper.plug-in"; name = MoPub.bundle; path = MoPub.framework/Versions/A/Resources/MoPub.bundle; sourceTree = "<group>"; };
		54AE63651EDFB9DF00E2E484 /* ProfileHeaderTableViewCell.xib */ = {isa = PBXFileReference; fileEncoding = 4; lastKnownFileType = file.xib; path = ProfileHeaderTableViewCell.xib; sourceTree = "<group>"; };
		54AE63671EDFBA1900E2E484 /* ProfileInfoTableViewCell.xib */ = {isa = PBXFileReference; fileEncoding = 4; lastKnownFileType = file.xib; path = ProfileInfoTableViewCell.xib; sourceTree = "<group>"; };
		54D585701D187757008564F1 /* UserTimeline.h */ = {isa = PBXFileReference; fileEncoding = 4; lastKnownFileType = sourcecode.c.h; path = UserTimeline.h; sourceTree = "<group>"; };
		54D585711D187757008564F1 /* UserTimeline.m */ = {isa = PBXFileReference; fileEncoding = 4; lastKnownFileType = sourcecode.c.objc; path = UserTimeline.m; sourceTree = "<group>"; };
		54D585761D187DB1008564F1 /* TweetTextTableViewCell.h */ = {isa = PBXFileReference; fileEncoding = 4; lastKnownFileType = sourcecode.c.h; path = TweetTextTableViewCell.h; sourceTree = "<group>"; };
		54D585771D187DB1008564F1 /* TweetTextTableViewCell.m */ = {isa = PBXFileReference; fileEncoding = 4; lastKnownFileType = sourcecode.c.objc; path = TweetTextTableViewCell.m; sourceTree = "<group>"; };
/* End PBXFileReference section */

/* Begin PBXFrameworksBuildPhase section */
		541F6D6B1D1706BB00740086 /* Frameworks */ = {
			isa = PBXFrameworksBuildPhase;
			buildActionMask = 2147483647;
			files = (
				540A5EA81D1E927F0042E553 /* CoreData.framework in Frameworks */,
				549D875D1D17EED40068DD85 /* Crashlytics.framework in Frameworks */,
				549D87631D17EF420068DD85 /* TwitterCore.framework in Frameworks */,
				549D875C1D17EED40068DD85 /* Fabric.framework in Frameworks */,
				549D87661D17EFA50068DD85 /* MoPub.framework in Frameworks */,
				549D87611D17EF420068DD85 /* TwitterKit.framework in Frameworks */,
			);
			runOnlyForDeploymentPostprocessing = 0;
		};
		541F6D871D1706BB00740086 /* Frameworks */ = {
			isa = PBXFrameworksBuildPhase;
			buildActionMask = 2147483647;
			files = (
			);
			runOnlyForDeploymentPostprocessing = 0;
		};
/* End PBXFrameworksBuildPhase section */

/* Begin PBXGroup section */
		541F6D651D1706BB00740086 = {
			isa = PBXGroup;
			children = (
				540A5EA71D1E927F0042E553 /* CoreData.framework */,
				549D87641D17EFA50068DD85 /* MoPub.framework */,
				549D87651D17EFA50068DD85 /* MoPub.bundle */,
				549D875E1D17EF420068DD85 /* TwitterKit.framework */,
				549D875F1D17EF420068DD85 /* TwitterKitResources.bundle */,
				549D87601D17EF420068DD85 /* TwitterCore.framework */,
				549D875A1D17EED40068DD85 /* Fabric.framework */,
				549D875B1D17EED40068DD85 /* Crashlytics.framework */,
				541F6D701D1706BB00740086 /* Twiddle */,
				541F6D8D1D1706BB00740086 /* TwiddleTests */,
				541F6D6F1D1706BB00740086 /* Products */,
			);
			sourceTree = "<group>";
		};
		541F6D6F1D1706BB00740086 /* Products */ = {
			isa = PBXGroup;
			children = (
				541F6D6E1D1706BB00740086 /* Twiddle.app */,
				541F6D8A1D1706BB00740086 /* TwiddleTests.xctest */,
			);
			name = Products;
			sourceTree = "<group>";
		};
		541F6D701D1706BB00740086 /* Twiddle */ = {
			isa = PBXGroup;
			children = (
				541F6D741D1706BB00740086 /* AppDelegate.h */,
				541F6D751D1706BB00740086 /* AppDelegate.m */,
				540A5EA91D1E93240042E553 /* TweetCache.xcdatamodeld */,
				549B0D4A1D27034A00F0C9A1 /* Table Cells */,
				54340F8A1D267A4100BBCE3F /* ProfileTableViewController.h */,
				54340F8B1D267A4100BBCE3F /* ProfileTableViewController.m */,
				541F6D9B1D1708D500740086 /* TimelineTableViewController.h */,
				541F6D9C1D1708D500740086 /* TimelineTableViewController.m */,
				54D585701D187757008564F1 /* UserTimeline.h */,
				54D585711D187757008564F1 /* UserTimeline.m */,
				541F6D801D1706BB00740086 /* Assets.xcassets */,
				541F6D821D1706BB00740086 /* LaunchScreen.storyboard */,
				541F6D851D1706BB00740086 /* Info.plist */,
				541F6D711D1706BB00740086 /* Supporting Files */,
			);
			path = Twiddle;
			sourceTree = "<group>";
		};
		541F6D711D1706BB00740086 /* Supporting Files */ = {
			isa = PBXGroup;
			children = (
				541F6D721D1706BB00740086 /* main.m */,
			);
			name = "Supporting Files";
			sourceTree = "<group>";
		};
		541F6D8D1D1706BB00740086 /* TwiddleTests */ = {
			isa = PBXGroup;
			children = (
				541F6D8E1D1706BB00740086 /* TwiddleTests.m */,
				541F6D901D1706BB00740086 /* Info.plist */,
			);
			path = TwiddleTests;
			sourceTree = "<group>";
		};
		549B0D4A1D27034A00F0C9A1 /* Table Cells */ = {
			isa = PBXGroup;
			children = (
				545BC7F81D21425A00950572 /* TweetImageTableViewCell.h */,
				545BC7F91D21425A00950572 /* TweetImageTableViewCell.m */,
				549B0D4B1D2703E700F0C9A1 /* TweetImageTableViewCell.xib */,
				54D585761D187DB1008564F1 /* TweetTextTableViewCell.h */,
				54D585771D187DB1008564F1 /* TweetTextTableViewCell.m */,
				549B0D481D27031100F0C9A1 /* TweetTextTableViewCell.xib */,
				54340F8D1D267E5200BBCE3F /* ProfileHeaderTableViewCell.h */,
				54340F8E1D267E5200BBCE3F /* ProfileHeaderTableViewCell.m */,
				54AE63651EDFB9DF00E2E484 /* ProfileHeaderTableViewCell.xib */,
				54340F901D267E6900BBCE3F /* ProfileInfoTableViewCell.h */,
				54340F911D267E6900BBCE3F /* ProfileInfoTableViewCell.m */,
				54AE63671EDFBA1900E2E484 /* ProfileInfoTableViewCell.xib */,
			);
			name = "Table Cells";
			sourceTree = "<group>";
		};
/* End PBXGroup section */

/* Begin PBXNativeTarget section */
		541F6D6D1D1706BB00740086 /* Twiddle */ = {
			isa = PBXNativeTarget;
			buildConfigurationList = 541F6D931D1706BB00740086 /* Build configuration list for PBXNativeTarget "Twiddle" */;
			buildPhases = (
				541F6D6A1D1706BB00740086 /* Sources */,
				541F6D6B1D1706BB00740086 /* Frameworks */,
				541F6D6C1D1706BB00740086 /* Resources */,
				549D87581D17EE8B0068DD85 /* ShellScript */,
			);
			buildRules = (
			);
			dependencies = (
			);
			name = Twiddle;
			productName = Twiddle;
			productReference = 541F6D6E1D1706BB00740086 /* Twiddle.app */;
			productType = "com.apple.product-type.application";
		};
		541F6D891D1706BB00740086 /* TwiddleTests */ = {
			isa = PBXNativeTarget;
			buildConfigurationList = 541F6D961D1706BB00740086 /* Build configuration list for PBXNativeTarget "TwiddleTests" */;
			buildPhases = (
				541F6D861D1706BB00740086 /* Sources */,
				541F6D871D1706BB00740086 /* Frameworks */,
				541F6D881D1706BB00740086 /* Resources */,
			);
			buildRules = (
			);
			dependencies = (
				541F6D8C1D1706BB00740086 /* PBXTargetDependency */,
			);
			name = TwiddleTests;
			productName = TwiddleTests;
			productReference = 541F6D8A1D1706BB00740086 /* TwiddleTests.xctest */;
			productType = "com.apple.product-type.bundle.unit-test";
		};
/* End PBXNativeTarget section */

/* Begin PBXProject section */
		541F6D661D1706BB00740086 /* Project object */ = {
			isa = PBXProject;
			attributes = {
				LastUpgradeCheck = 0730;
				ORGANIZATIONNAME = TRing;
				TargetAttributes = {
					541F6D6D1D1706BB00740086 = {
						CreatedOnToolsVersion = 7.3.1;
						DevelopmentTeam = V8CJ4XKCBY;
						DevelopmentTeamName = "Thomas Ring (Personal Team)";
					};
					541F6D891D1706BB00740086 = {
						CreatedOnToolsVersion = 7.3.1;
						TestTargetID = 541F6D6D1D1706BB00740086;
					};
				};
			};
			buildConfigurationList = 541F6D691D1706BB00740086 /* Build configuration list for PBXProject "Twiddle" */;
			compatibilityVersion = "Xcode 3.2";
			developmentRegion = English;
			hasScannedForEncodings = 0;
			knownRegions = (
				en,
				Base,
			);
			mainGroup = 541F6D651D1706BB00740086;
			productRefGroup = 541F6D6F1D1706BB00740086 /* Products */;
			projectDirPath = "";
			projectRoot = "";
			targets = (
				541F6D6D1D1706BB00740086 /* Twiddle */,
				541F6D891D1706BB00740086 /* TwiddleTests */,
			);
		};
/* End PBXProject section */

/* Begin PBXResourcesBuildPhase section */
		541F6D6C1D1706BB00740086 /* Resources */ = {
			isa = PBXResourcesBuildPhase;
			buildActionMask = 2147483647;
			files = (
				549B0D491D27031100F0C9A1 /* TweetTextTableViewCell.xib in Resources */,
				549B0D4C1D2703E700F0C9A1 /* TweetImageTableViewCell.xib in Resources */,
				549D87621D17EF420068DD85 /* TwitterKitResources.bundle in Resources */,
				549D87671D17EFA50068DD85 /* MoPub.bundle in Resources */,
				54AE63681EDFBA1900E2E484 /* ProfileInfoTableViewCell.xib in Resources */,
				541F6D841D1706BB00740086 /* LaunchScreen.storyboard in Resources */,
				54AE63661EDFB9DF00E2E484 /* ProfileHeaderTableViewCell.xib in Resources */,
				541F6D811D1706BB00740086 /* Assets.xcassets in Resources */,
			);
			runOnlyForDeploymentPostprocessing = 0;
		};
		541F6D881D1706BB00740086 /* Resources */ = {
			isa = PBXResourcesBuildPhase;
			buildActionMask = 2147483647;
			files = (
			);
			runOnlyForDeploymentPostprocessing = 0;
		};
/* End PBXResourcesBuildPhase section */

/* Begin PBXShellScriptBuildPhase section */
		549D87581D17EE8B0068DD85 /* ShellScript */ = {
			isa = PBXShellScriptBuildPhase;
			buildActionMask = 2147483647;
			files = (
			);
			inputPaths = (
			);
			outputPaths = (
			);
			runOnlyForDeploymentPostprocessing = 0;
			shellPath = /bin/sh;
			shellScript = "./Fabric.framework/run ae3e76d3febb8cea7bf860dd6a3ec379f1085d7a b4c57aa5609f3ab5ea4d2071e18a1b005882bebc0f973cada0f07763d145fa3d";
		};
/* End PBXShellScriptBuildPhase section */

/* Begin PBXSourcesBuildPhase section */
		541F6D6A1D1706BB00740086 /* Sources */ = {
			isa = PBXSourcesBuildPhase;
			buildActionMask = 2147483647;
			files = (
				541F6D761D1706BB00740086 /* AppDelegate.m in Sources */,
				541F6D9D1D1708D500740086 /* TimelineTableViewController.m in Sources */,
				540A5EAB1D1E93240042E553 /* TweetCache.xcdatamodeld in Sources */,
				541F6D731D1706BB00740086 /* main.m in Sources */,
				545BC7FA1D21425A00950572 /* TweetImageTableViewCell.m in Sources */,
				54D585781D187DB1008564F1 /* TweetTextTableViewCell.m in Sources */,
				54D585721D187757008564F1 /* UserTimeline.m in Sources */,
				54340F8F1D267E5200BBCE3F /* ProfileHeaderTableViewCell.m in Sources */,
				54340F8C1D267A4100BBCE3F /* ProfileTableViewController.m in Sources */,
				54340F921D267E6900BBCE3F /* ProfileInfoTableViewCell.m in Sources */,
			);
			runOnlyForDeploymentPostprocessing = 0;
		};
		541F6D861D1706BB00740086 /* Sources */ = {
			isa = PBXSourcesBuildPhase;
			buildActionMask = 2147483647;
			files = (
				541F6D8F1D1706BB00740086 /* TwiddleTests.m in Sources */,
			);
			runOnlyForDeploymentPostprocessing = 0;
		};
/* End PBXSourcesBuildPhase section */

/* Begin PBXTargetDependency section */
		541F6D8C1D1706BB00740086 /* PBXTargetDependency */ = {
			isa = PBXTargetDependency;
			target = 541F6D6D1D1706BB00740086 /* Twiddle */;
			targetProxy = 541F6D8B1D1706BB00740086 /* PBXContainerItemProxy */;
		};
/* End PBXTargetDependency section */

/* Begin PBXVariantGroup section */
		541F6D821D1706BB00740086 /* LaunchScreen.storyboard */ = {
			isa = PBXVariantGroup;
			children = (
				541F6D831D1706BB00740086 /* Base */,
			);
			name = LaunchScreen.storyboard;
			sourceTree = "<group>";
		};
/* End PBXVariantGroup section */

/* Begin XCBuildConfiguration section */
		541F6D911D1706BB00740086 /* Debug */ = {
			isa = XCBuildConfiguration;
			buildSettings = {
				ALWAYS_SEARCH_USER_PATHS = NO;
				CLANG_ANALYZER_NONNULL = YES;
				CLANG_CXX_LANGUAGE_STANDARD = "gnu++0x";
				CLANG_CXX_LIBRARY = "libc++";
				CLANG_ENABLE_MODULES = YES;
				CLANG_ENABLE_OBJC_ARC = YES;
				CLANG_WARN_BOOL_CONVERSION = YES;
				CLANG_WARN_CONSTANT_CONVERSION = YES;
				CLANG_WARN_DIRECT_OBJC_ISA_USAGE = YES_ERROR;
				CLANG_WARN_EMPTY_BODY = YES;
				CLANG_WARN_ENUM_CONVERSION = YES;
				CLANG_WARN_INT_CONVERSION = YES;
				CLANG_WARN_OBJC_ROOT_CLASS = YES_ERROR;
				CLANG_WARN_UNREACHABLE_CODE = YES;
				CLANG_WARN__DUPLICATE_METHOD_MATCH = YES;
				"CODE_SIGN_IDENTITY[sdk=iphoneos*]" = "iPhone Developer";
				COPY_PHASE_STRIP = NO;
				DEBUG_INFORMATION_FORMAT = dwarf;
				ENABLE_STRICT_OBJC_MSGSEND = YES;
				ENABLE_TESTABILITY = YES;
				GCC_C_LANGUAGE_STANDARD = gnu99;
				GCC_DYNAMIC_NO_PIC = NO;
				GCC_NO_COMMON_BLOCKS = YES;
				GCC_OPTIMIZATION_LEVEL = 0;
				GCC_PREPROCESSOR_DEFINITIONS = (
					"DEBUG=1",
					"$(inherited)",
				);
				GCC_WARN_64_TO_32_BIT_CONVERSION = YES;
				GCC_WARN_ABOUT_RETURN_TYPE = YES_ERROR;
				GCC_WARN_UNDECLARED_SELECTOR = YES;
				GCC_WARN_UNINITIALIZED_AUTOS = YES_AGGRESSIVE;
				GCC_WARN_UNUSED_FUNCTION = YES;
				GCC_WARN_UNUSED_VARIABLE = YES;
				IPHONEOS_DEPLOYMENT_TARGET = 9.3;
				MTL_ENABLE_DEBUG_INFO = YES;
				ONLY_ACTIVE_ARCH = YES;
				SDKROOT = iphoneos;
			};
			name = Debug;
		};
		541F6D921D1706BB00740086 /* Release */ = {
			isa = XCBuildConfiguration;
			buildSettings = {
				ALWAYS_SEARCH_USER_PATHS = NO;
				CLANG_ANALYZER_NONNULL = YES;
				CLANG_CXX_LANGUAGE_STANDARD = "gnu++0x";
				CLANG_CXX_LIBRARY = "libc++";
				CLANG_ENABLE_MODULES = YES;
				CLANG_ENABLE_OBJC_ARC = YES;
				CLANG_WARN_BOOL_CONVERSION = YES;
				CLANG_WARN_CONSTANT_CONVERSION = YES;
				CLANG_WARN_DIRECT_OBJC_ISA_USAGE = YES_ERROR;
				CLANG_WARN_EMPTY_BODY = YES;
				CLANG_WARN_ENUM_CONVERSION = YES;
				CLANG_WARN_INT_CONVERSION = YES;
				CLANG_WARN_OBJC_ROOT_CLASS = YES_ERROR;
				CLANG_WARN_UNREACHABLE_CODE = YES;
				CLANG_WARN__DUPLICATE_METHOD_MATCH = YES;
				"CODE_SIGN_IDENTITY[sdk=iphoneos*]" = "iPhone Developer";
				COPY_PHASE_STRIP = NO;
				DEBUG_INFORMATION_FORMAT = "dwarf-with-dsym";
				ENABLE_NS_ASSERTIONS = NO;
				ENABLE_STRICT_OBJC_MSGSEND = YES;
				GCC_C_LANGUAGE_STANDARD = gnu99;
				GCC_NO_COMMON_BLOCKS = YES;
				GCC_WARN_64_TO_32_BIT_CONVERSION = YES;
				GCC_WARN_ABOUT_RETURN_TYPE = YES_ERROR;
				GCC_WARN_UNDECLARED_SELECTOR = YES;
				GCC_WARN_UNINITIALIZED_AUTOS = YES_AGGRESSIVE;
				GCC_WARN_UNUSED_FUNCTION = YES;
				GCC_WARN_UNUSED_VARIABLE = YES;
				IPHONEOS_DEPLOYMENT_TARGET = 9.3;
				MTL_ENABLE_DEBUG_INFO = NO;
				SDKROOT = iphoneos;
				VALIDATE_PRODUCT = YES;
			};
			name = Release;
		};
		541F6D941D1706BB00740086 /* Debug */ = {
			isa = XCBuildConfiguration;
			buildSettings = {
				ASSETCATALOG_COMPILER_APPICON_NAME = AppIcon;
				FRAMEWORK_SEARCH_PATHS = (
					"$(inherited)",
					"$(PROJECT_DIR)",
				);
				INFOPLIST_FILE = Twiddle/Info.plist;
				LD_RUNPATH_SEARCH_PATHS = "$(inherited) @executable_path/Frameworks";
				PRODUCT_BUNDLE_IDENTIFIER = com.Tring.Twiddle;
				PRODUCT_NAME = "$(TARGET_NAME)";
			};
			name = Debug;
		};
		541F6D951D1706BB00740086 /* Release */ = {
			isa = XCBuildConfiguration;
			buildSettings = {
				ASSETCATALOG_COMPILER_APPICON_NAME = AppIcon;
				FRAMEWORK_SEARCH_PATHS = (
					"$(inherited)",
					"$(PROJECT_DIR)",
				);
				INFOPLIST_FILE = Twiddle/Info.plist;
				LD_RUNPATH_SEARCH_PATHS = "$(inherited) @executable_path/Frameworks";
				PRODUCT_BUNDLE_IDENTIFIER = com.Tring.Twiddle;
				PRODUCT_NAME = "$(TARGET_NAME)";
			};
			name = Release;
		};
		541F6D971D1706BB00740086 /* Debug */ = {
			isa = XCBuildConfiguration;
			buildSettings = {
				BUNDLE_LOADER = "$(TEST_HOST)";
				INFOPLIST_FILE = TwiddleTests/Info.plist;
				LD_RUNPATH_SEARCH_PATHS = "$(inherited) @executable_path/Frameworks @loader_path/Frameworks";
				PRODUCT_BUNDLE_IDENTIFIER = com.Tring.TwiddleTests;
				PRODUCT_NAME = "$(TARGET_NAME)";
				TEST_HOST = "$(BUILT_PRODUCTS_DIR)/Twiddle.app/Twiddle";
			};
			name = Debug;
		};
		541F6D981D1706BB00740086 /* Release */ = {
			isa = XCBuildConfiguration;
			buildSettings = {
				BUNDLE_LOADER = "$(TEST_HOST)";
				INFOPLIST_FILE = TwiddleTests/Info.plist;
				LD_RUNPATH_SEARCH_PATHS = "$(inherited) @executable_path/Frameworks @loader_path/Frameworks";
				PRODUCT_BUNDLE_IDENTIFIER = com.Tring.TwiddleTests;
				PRODUCT_NAME = "$(TARGET_NAME)";
				TEST_HOST = "$(BUILT_PRODUCTS_DIR)/Twiddle.app/Twiddle";
			};
			name = Release;
		};
/* End XCBuildConfiguration section */

/* Begin XCConfigurationList section */
		541F6D691D1706BB00740086 /* Build configuration list for PBXProject "Twiddle" */ = {
			isa = XCConfigurationList;
			buildConfigurations = (
				541F6D911D1706BB00740086 /* Debug */,
				541F6D921D1706BB00740086 /* Release */,
			);
			defaultConfigurationIsVisible = 0;
			defaultConfigurationName = Release;
		};
		541F6D931D1706BB00740086 /* Build configuration list for PBXNativeTarget "Twiddle" */ = {
			isa = XCConfigurationList;
			buildConfigurations = (
				541F6D941D1706BB00740086 /* Debug */,
				541F6D951D1706BB00740086 /* Release */,
			);
			defaultConfigurationIsVisible = 0;
			defaultConfigurationName = Release;
		};
		541F6D961D1706BB00740086 /* Build configuration list for PBXNativeTarget "TwiddleTests" */ = {
			isa = XCConfigurationList;
			buildConfigurations = (
				541F6D971D1706BB00740086 /* Debug */,
				541F6D981D1706BB00740086 /* Release */,
			);
			defaultConfigurationIsVisible = 0;
			defaultConfigurationName = Release;
		};
/* End XCConfigurationList section */

/* Begin XCVersionGroup section */
		540A5EA91D1E93240042E553 /* TweetCache.xcdatamodeld */ = {
			isa = XCVersionGroup;
			children = (
				540A5EAA1D1E93240042E553 /* TweetCache.xcdatamodel */,
			);
			currentVersion = 540A5EAA1D1E93240042E553 /* TweetCache.xcdatamodel */;
			path = TweetCache.xcdatamodeld;
			sourceTree = "<group>";
			versionGroupType = wrapper.xcdatamodel;
		};
/* End XCVersionGroup section */
	};
	rootObject = 541F6D661D1706BB00740086 /* Project object */;
}
